
Microsoft Visual Studio Solution File, Format Version 12.00
# Visual Studio 15
VisualStudioVersion = 15.0.27130.2027
MinimumVisualStudioVersion = 10.0.40219.1
Project("{888888A0-9F3D-457C-B088-3A5042F75D52}") = "Python play with camera", "Python play with camera\Python play with camera.pyproj", "{C334CC3F-561C-4630-AAD1-265C2BA78CC0}"
EndProject
Global
	GlobalSection(SolutionConfigurationPlatforms) = preSolution
		Debug|Any CPU = Debug|Any CPU
		Release|Any CPU = Release|Any CPU
	EndGlobalSection
	GlobalSection(ProjectConfigurationPlatforms) = postSolution
		{C334CC3F-561C-4630-AAD1-265C2BA78CC0}.Debug|Any CPU.ActiveCfg = Debug|Any CPU
		{C334CC3F-561C-4630-AAD1-265C2BA78CC0}.Release|Any CPU.ActiveCfg = Release|Any CPU
	EndGlobalSection
	GlobalSection(SolutionProperties) = preSolution
		HideSolutionNode = FALSE
	EndGlobalSection
	GlobalSection(ExtensibilityGlobals) = postSolution
		SolutionGuid = {CB00816A-DF99-432B-82F0-731899B8B904}
	EndGlobalSection
EndGlobal
